
Microsoft Visual Studio Solution File, Format Version 12.00
# Visual Studio Version 16
VisualStudioVersion = 16.0.31321.278
MinimumVisualStudioVersion = 10.0.40219.1
Project("{FAE04EC0-301F-11D3-BF4B-00C04F79EFBC}") = "diyetisyenGUI", "diyetisyenGUI\diyetisyenGUI.csproj", "{426237D7-B1EA-4299-9FA4-EED474C17752}"
EndProject
Project("{FAE04EC0-301F-11D3-BF4B-00C04F79EFBC}") = "diyetisyen_core_project", "diyetisyen-core-project\diyetisyen_core_project.csproj", "{E9AA1149-7DD1-4919-96A8-CE9639D752DF}"
EndProject
Global
	GlobalSection(SolutionConfigurationPlatforms) = preSolution
		Debug|Any CPU = Debug|Any CPU
		Release|Any CPU = Release|Any CPU
	EndGlobalSection
	GlobalSection(ProjectConfigurationPlatforms) = postSolution
		{426237D7-B1EA-4299-9FA4-EED474C17752}.Debug|Any CPU.ActiveCfg = Debug|x64
		{426237D7-B1EA-4299-9FA4-EED474C17752}.Debug|Any CPU.Build.0 = Debug|x64
		{426237D7-B1EA-4299-9FA4-EED474C17752}.Release|Any CPU.ActiveCfg = Release|Any CPU
		{426237D7-B1EA-4299-9FA4-EED474C17752}.Release|Any CPU.Build.0 = Release|Any CPU
		{E9AA1149-7DD1-4919-96A8-CE9639D752DF}.Debug|Any CPU.ActiveCfg = Debug|x64
		{E9AA1149-7DD1-4919-96A8-CE9639D752DF}.Debug|Any CPU.Build.0 = Debug|x64
		{E9AA1149-7DD1-4919-96A8-CE9639D752DF}.Release|Any CPU.ActiveCfg = Release|Any CPU
		{E9AA1149-7DD1-4919-96A8-CE9639D752DF}.Release|Any CPU.Build.0 = Release|Any CPU
	EndGlobalSection
	GlobalSection(SolutionProperties) = preSolution
		HideSolutionNode = FALSE
	EndGlobalSection
	GlobalSection(ExtensibilityGlobals) = postSolution
		SolutionGuid = {311DA298-E72C-49D2-ABD6-1F51CDDDC199}
	EndGlobalSection
EndGlobal
